
Microsoft Visual Studio Solution File, Format Version 12.00
# Visual Studio Version 17
VisualStudioVersion = 17.14.36811.4 d17.14
MinimumVisualStudioVersion = 10.0.40219.1
Project("{FAE04EC0-301F-11D3-BF4B-00C04F79EFBC}") = "텍알", "텍알\텍알.csproj", "{789652CB-4AB9-498F-82B6-D89E69F0A7F3}"
EndProject
Global
	GlobalSection(SolutionConfigurationPlatforms) = preSolution
		Debug|Any CPU = Debug|Any CPU
		Release|Any CPU = Release|Any CPU
	EndGlobalSection
	GlobalSection(ProjectConfigurationPlatforms) = postSolution
		{789652CB-4AB9-498F-82B6-D89E69F0A7F3}.Debug|Any CPU.ActiveCfg = Debug|Any CPU
		{789652CB-4AB9-498F-82B6-D89E69F0A7F3}.Debug|Any CPU.Build.0 = Debug|Any CPU
		{789652CB-4AB9-498F-82B6-D89E69F0A7F3}.Release|Any CPU.ActiveCfg = Release|Any CPU
		{789652CB-4AB9-498F-82B6-D89E69F0A7F3}.Release|Any CPU.Build.0 = Release|Any CPU
	EndGlobalSection
	GlobalSection(SolutionProperties) = preSolution
		HideSolutionNode = FALSE
	EndGlobalSection
	GlobalSection(ExtensibilityGlobals) = postSolution
		SolutionGuid = {A384B02A-3840-4BF5-9C7D-06BB99CC22A3}
	EndGlobalSection
EndGlobal
