
Microsoft Visual Studio Solution File, Format Version 12.00
# Visual Studio Version 17
VisualStudioVersion = 17.14.36811.4 d17.14
MinimumVisualStudioVersion = 10.0.40219.1
Project("{FAE04EC0-301F-11D3-BF4B-00C04F79EFBC}") = "좌표게임 예시", "좌표게임 예시\좌표게임 예시.csproj", "{5B0CD4ED-28BE-4BC6-BAF1-503319CEE3B5}"
EndProject
Global
	GlobalSection(SolutionConfigurationPlatforms) = preSolution
		Debug|Any CPU = Debug|Any CPU
		Release|Any CPU = Release|Any CPU
	EndGlobalSection
	GlobalSection(ProjectConfigurationPlatforms) = postSolution
		{5B0CD4ED-28BE-4BC6-BAF1-503319CEE3B5}.Debug|Any CPU.ActiveCfg = Debug|Any CPU
		{5B0CD4ED-28BE-4BC6-BAF1-503319CEE3B5}.Debug|Any CPU.Build.0 = Debug|Any CPU
		{5B0CD4ED-28BE-4BC6-BAF1-503319CEE3B5}.Release|Any CPU.ActiveCfg = Release|Any CPU
		{5B0CD4ED-28BE-4BC6-BAF1-503319CEE3B5}.Release|Any CPU.Build.0 = Release|Any CPU
	EndGlobalSection
	GlobalSection(SolutionProperties) = preSolution
		HideSolutionNode = FALSE
	EndGlobalSection
	GlobalSection(ExtensibilityGlobals) = postSolution
		SolutionGuid = {3A77E7CA-7B2A-4007-BD0F-82741B0989BA}
	EndGlobalSection
EndGlobal
