
Microsoft Visual Studio Solution File, Format Version 12.00
# Visual Studio Version 17
VisualStudioVersion = 17.14.36811.4 d17.14
MinimumVisualStudioVersion = 10.0.40219.1
Project("{FAE04EC0-301F-11D3-BF4B-00C04F79EFBC}") = "2차원for문", "2차원for문\2차원for문.csproj", "{A73E6F88-3CB8-4779-83D9-1FE7A601B862}"
EndProject
Global
	GlobalSection(SolutionConfigurationPlatforms) = preSolution
		Debug|Any CPU = Debug|Any CPU
		Release|Any CPU = Release|Any CPU
	EndGlobalSection
	GlobalSection(ProjectConfigurationPlatforms) = postSolution
		{A73E6F88-3CB8-4779-83D9-1FE7A601B862}.Debug|Any CPU.ActiveCfg = Debug|Any CPU
		{A73E6F88-3CB8-4779-83D9-1FE7A601B862}.Debug|Any CPU.Build.0 = Debug|Any CPU
		{A73E6F88-3CB8-4779-83D9-1FE7A601B862}.Release|Any CPU.ActiveCfg = Release|Any CPU
		{A73E6F88-3CB8-4779-83D9-1FE7A601B862}.Release|Any CPU.Build.0 = Release|Any CPU
	EndGlobalSection
	GlobalSection(SolutionProperties) = preSolution
		HideSolutionNode = FALSE
	EndGlobalSection
	GlobalSection(ExtensibilityGlobals) = postSolution
		SolutionGuid = {66383743-320A-4A1F-BC25-6E9EFA91EBEF}
	EndGlobalSection
EndGlobal
