
Microsoft Visual Studio Solution File, Format Version 12.00
# Visual Studio Version 17
VisualStudioVersion = 17.14.36811.4 d17.14
MinimumVisualStudioVersion = 10.0.40219.1
Project("{FAE04EC0-301F-11D3-BF4B-00C04F79EFBC}") = "슈팅게임", "슈팅게임\슈팅게임.csproj", "{70C2B17C-A20E-4200-8ABC-5661534438C1}"
EndProject
Global
	GlobalSection(SolutionConfigurationPlatforms) = preSolution
		Debug|Any CPU = Debug|Any CPU
		Release|Any CPU = Release|Any CPU
	EndGlobalSection
	GlobalSection(ProjectConfigurationPlatforms) = postSolution
		{70C2B17C-A20E-4200-8ABC-5661534438C1}.Debug|Any CPU.ActiveCfg = Debug|Any CPU
		{70C2B17C-A20E-4200-8ABC-5661534438C1}.Debug|Any CPU.Build.0 = Debug|Any CPU
		{70C2B17C-A20E-4200-8ABC-5661534438C1}.Release|Any CPU.ActiveCfg = Release|Any CPU
		{70C2B17C-A20E-4200-8ABC-5661534438C1}.Release|Any CPU.Build.0 = Release|Any CPU
	EndGlobalSection
	GlobalSection(SolutionProperties) = preSolution
		HideSolutionNode = FALSE
	EndGlobalSection
	GlobalSection(ExtensibilityGlobals) = postSolution
		SolutionGuid = {5F74F7C9-0117-41FD-8202-F5D9AECCEA42}
	EndGlobalSection
EndGlobal
