
Microsoft Visual Studio Solution File, Format Version 12.00
# Visual Studio Version 17
VisualStudioVersion = 17.14.36811.4 d17.14
MinimumVisualStudioVersion = 10.0.40219.1
Project("{FAE04EC0-301F-11D3-BF4B-00C04F79EFBC}") = "ConsoleApp11", "ConsoleApp11\ConsoleApp11.csproj", "{9EC0DF09-6C74-4EA5-AA43-72AA26541CA6}"
EndProject
Global
	GlobalSection(SolutionConfigurationPlatforms) = preSolution
		Debug|Any CPU = Debug|Any CPU
		Release|Any CPU = Release|Any CPU
	EndGlobalSection
	GlobalSection(ProjectConfigurationPlatforms) = postSolution
		{9EC0DF09-6C74-4EA5-AA43-72AA26541CA6}.Debug|Any CPU.ActiveCfg = Debug|Any CPU
		{9EC0DF09-6C74-4EA5-AA43-72AA26541CA6}.Debug|Any CPU.Build.0 = Debug|Any CPU
		{9EC0DF09-6C74-4EA5-AA43-72AA26541CA6}.Release|Any CPU.ActiveCfg = Release|Any CPU
		{9EC0DF09-6C74-4EA5-AA43-72AA26541CA6}.Release|Any CPU.Build.0 = Release|Any CPU
	EndGlobalSection
	GlobalSection(SolutionProperties) = preSolution
		HideSolutionNode = FALSE
	EndGlobalSection
	GlobalSection(ExtensibilityGlobals) = postSolution
		SolutionGuid = {228C2504-B512-44F8-A9E3-D783429F028D}
	EndGlobalSection
EndGlobal
