
Microsoft Visual Studio Solution File, Format Version 12.00
# Visual Studio Version 17
VisualStudioVersion = 17.14.36811.4 d17.14
MinimumVisualStudioVersion = 10.0.40219.1
Project("{FAE04EC0-301F-11D3-BF4B-00C04F79EFBC}") = "ConsoleApp12", "ConsoleApp12\ConsoleApp12.csproj", "{4678ED94-6CAF-4F33-8233-4FCD4DC6373D}"
EndProject
Global
	GlobalSection(SolutionConfigurationPlatforms) = preSolution
		Debug|Any CPU = Debug|Any CPU
		Release|Any CPU = Release|Any CPU
	EndGlobalSection
	GlobalSection(ProjectConfigurationPlatforms) = postSolution
		{4678ED94-6CAF-4F33-8233-4FCD4DC6373D}.Debug|Any CPU.ActiveCfg = Debug|Any CPU
		{4678ED94-6CAF-4F33-8233-4FCD4DC6373D}.Debug|Any CPU.Build.0 = Debug|Any CPU
		{4678ED94-6CAF-4F33-8233-4FCD4DC6373D}.Release|Any CPU.ActiveCfg = Release|Any CPU
		{4678ED94-6CAF-4F33-8233-4FCD4DC6373D}.Release|Any CPU.Build.0 = Release|Any CPU
	EndGlobalSection
	GlobalSection(SolutionProperties) = preSolution
		HideSolutionNode = FALSE
	EndGlobalSection
	GlobalSection(ExtensibilityGlobals) = postSolution
		SolutionGuid = {FCEA7FE5-B6AE-4C17-829B-0A2FB599C155}
	EndGlobalSection
EndGlobal
