
Microsoft Visual Studio Solution File, Format Version 12.00
# Visual Studio Version 17
VisualStudioVersion = 17.14.36811.4 d17.14
MinimumVisualStudioVersion = 10.0.40219.1
Project("{FAE04EC0-301F-11D3-BF4B-00C04F79EFBC}") = "ref로 swap하기", "ref로 swap하기\ref로 swap하기.csproj", "{26EC64F5-7D46-49AA-96C1-4FD947675AD5}"
EndProject
Global
	GlobalSection(SolutionConfigurationPlatforms) = preSolution
		Debug|Any CPU = Debug|Any CPU
		Release|Any CPU = Release|Any CPU
	EndGlobalSection
	GlobalSection(ProjectConfigurationPlatforms) = postSolution
		{26EC64F5-7D46-49AA-96C1-4FD947675AD5}.Debug|Any CPU.ActiveCfg = Debug|Any CPU
		{26EC64F5-7D46-49AA-96C1-4FD947675AD5}.Debug|Any CPU.Build.0 = Debug|Any CPU
		{26EC64F5-7D46-49AA-96C1-4FD947675AD5}.Release|Any CPU.ActiveCfg = Release|Any CPU
		{26EC64F5-7D46-49AA-96C1-4FD947675AD5}.Release|Any CPU.Build.0 = Release|Any CPU
	EndGlobalSection
	GlobalSection(SolutionProperties) = preSolution
		HideSolutionNode = FALSE
	EndGlobalSection
	GlobalSection(ExtensibilityGlobals) = postSolution
		SolutionGuid = {1ACBA9CA-89C1-4FE9-B252-1F63E7EA377C}
	EndGlobalSection
EndGlobal
