
Microsoft Visual Studio Solution File, Format Version 12.00
# Visual Studio Version 17
VisualStudioVersion = 17.14.36811.4 d17.14
MinimumVisualStudioVersion = 10.0.40219.1
Project("{FAE04EC0-301F-11D3-BF4B-00C04F79EFBC}") = "클래스", "클래스\클래스.csproj", "{3EC9E96A-ED2B-4085-99CA-E1EEE36C8708}"
EndProject
Global
	GlobalSection(SolutionConfigurationPlatforms) = preSolution
		Debug|Any CPU = Debug|Any CPU
		Release|Any CPU = Release|Any CPU
	EndGlobalSection
	GlobalSection(ProjectConfigurationPlatforms) = postSolution
		{3EC9E96A-ED2B-4085-99CA-E1EEE36C8708}.Debug|Any CPU.ActiveCfg = Debug|Any CPU
		{3EC9E96A-ED2B-4085-99CA-E1EEE36C8708}.Debug|Any CPU.Build.0 = Debug|Any CPU
		{3EC9E96A-ED2B-4085-99CA-E1EEE36C8708}.Release|Any CPU.ActiveCfg = Release|Any CPU
		{3EC9E96A-ED2B-4085-99CA-E1EEE36C8708}.Release|Any CPU.Build.0 = Release|Any CPU
	EndGlobalSection
	GlobalSection(SolutionProperties) = preSolution
		HideSolutionNode = FALSE
	EndGlobalSection
	GlobalSection(ExtensibilityGlobals) = postSolution
		SolutionGuid = {E8057F91-581C-4939-9E9A-3EB53E773EDA}
	EndGlobalSection
EndGlobal
