
Microsoft Visual Studio Solution File, Format Version 12.00
# Visual Studio Version 17
VisualStudioVersion = 17.14.36811.4 d17.14
MinimumVisualStudioVersion = 10.0.40219.1
Project("{FAE04EC0-301F-11D3-BF4B-00C04F79EFBC}") = "상속자들", "상속자들\상속자들.csproj", "{CAE85045-D382-4D88-AB12-A02857AF3FFF}"
EndProject
Global
	GlobalSection(SolutionConfigurationPlatforms) = preSolution
		Debug|Any CPU = Debug|Any CPU
		Release|Any CPU = Release|Any CPU
	EndGlobalSection
	GlobalSection(ProjectConfigurationPlatforms) = postSolution
		{CAE85045-D382-4D88-AB12-A02857AF3FFF}.Debug|Any CPU.ActiveCfg = Debug|Any CPU
		{CAE85045-D382-4D88-AB12-A02857AF3FFF}.Debug|Any CPU.Build.0 = Debug|Any CPU
		{CAE85045-D382-4D88-AB12-A02857AF3FFF}.Release|Any CPU.ActiveCfg = Release|Any CPU
		{CAE85045-D382-4D88-AB12-A02857AF3FFF}.Release|Any CPU.Build.0 = Release|Any CPU
	EndGlobalSection
	GlobalSection(SolutionProperties) = preSolution
		HideSolutionNode = FALSE
	EndGlobalSection
	GlobalSection(ExtensibilityGlobals) = postSolution
		SolutionGuid = {4C883C59-B21A-485A-83A8-1CF2E6FC177C}
	EndGlobalSection
EndGlobal
