
Microsoft Visual Studio Solution File, Format Version 12.00
# Visual Studio Version 17
VisualStudioVersion = 17.14.36811.4 d17.14
MinimumVisualStudioVersion = 10.0.40219.1
Project("{FAE04EC0-301F-11D3-BF4B-00C04F79EFBC}") = "ConsoleApp4", "ConsoleApp4\ConsoleApp4.csproj", "{B57C2BEC-0D11-4B73-A6DB-292FA3E5E634}"
EndProject
Global
	GlobalSection(SolutionConfigurationPlatforms) = preSolution
		Debug|Any CPU = Debug|Any CPU
		Release|Any CPU = Release|Any CPU
	EndGlobalSection
	GlobalSection(ProjectConfigurationPlatforms) = postSolution
		{B57C2BEC-0D11-4B73-A6DB-292FA3E5E634}.Debug|Any CPU.ActiveCfg = Debug|Any CPU
		{B57C2BEC-0D11-4B73-A6DB-292FA3E5E634}.Debug|Any CPU.Build.0 = Debug|Any CPU
		{B57C2BEC-0D11-4B73-A6DB-292FA3E5E634}.Release|Any CPU.ActiveCfg = Release|Any CPU
		{B57C2BEC-0D11-4B73-A6DB-292FA3E5E634}.Release|Any CPU.Build.0 = Release|Any CPU
	EndGlobalSection
	GlobalSection(SolutionProperties) = preSolution
		HideSolutionNode = FALSE
	EndGlobalSection
	GlobalSection(ExtensibilityGlobals) = postSolution
		SolutionGuid = {96275541-EA93-4363-8590-2A581A199F9E}
	EndGlobalSection
EndGlobal
