
Microsoft Visual Studio Solution File, Format Version 12.00
# Visual Studio Version 17
VisualStudioVersion = 17.14.36811.4 d17.14
MinimumVisualStudioVersion = 10.0.40219.1
Project("{FAE04EC0-301F-11D3-BF4B-00C04F79EFBC}") = "문자열 입력 메서드", "문자열 입력 메서드\문자열 입력 메서드.csproj", "{560248B9-6FD9-4BDC-AF55-F9D8ECCAC422}"
EndProject
Global
	GlobalSection(SolutionConfigurationPlatforms) = preSolution
		Debug|Any CPU = Debug|Any CPU
		Release|Any CPU = Release|Any CPU
	EndGlobalSection
	GlobalSection(ProjectConfigurationPlatforms) = postSolution
		{560248B9-6FD9-4BDC-AF55-F9D8ECCAC422}.Debug|Any CPU.ActiveCfg = Debug|Any CPU
		{560248B9-6FD9-4BDC-AF55-F9D8ECCAC422}.Debug|Any CPU.Build.0 = Debug|Any CPU
		{560248B9-6FD9-4BDC-AF55-F9D8ECCAC422}.Release|Any CPU.ActiveCfg = Release|Any CPU
		{560248B9-6FD9-4BDC-AF55-F9D8ECCAC422}.Release|Any CPU.Build.0 = Release|Any CPU
	EndGlobalSection
	GlobalSection(SolutionProperties) = preSolution
		HideSolutionNode = FALSE
	EndGlobalSection
	GlobalSection(ExtensibilityGlobals) = postSolution
		SolutionGuid = {447D14AE-941E-423B-9A56-C9F898D4C3DF}
	EndGlobalSection
EndGlobal
