
Microsoft Visual Studio Solution File, Format Version 12.00
# Visual Studio Version 17
VisualStudioVersion = 17.14.36811.4 d17.14
MinimumVisualStudioVersion = 10.0.40219.1
Project("{FAE04EC0-301F-11D3-BF4B-00C04F79EFBC}") = "복습,실습", "복습,실습\복습,실습.csproj", "{1DF22483-F34B-404E-84E8-71511E734BFE}"
EndProject
Global
	GlobalSection(SolutionConfigurationPlatforms) = preSolution
		Debug|Any CPU = Debug|Any CPU
		Release|Any CPU = Release|Any CPU
	EndGlobalSection
	GlobalSection(ProjectConfigurationPlatforms) = postSolution
		{1DF22483-F34B-404E-84E8-71511E734BFE}.Debug|Any CPU.ActiveCfg = Debug|Any CPU
		{1DF22483-F34B-404E-84E8-71511E734BFE}.Debug|Any CPU.Build.0 = Debug|Any CPU
		{1DF22483-F34B-404E-84E8-71511E734BFE}.Release|Any CPU.ActiveCfg = Release|Any CPU
		{1DF22483-F34B-404E-84E8-71511E734BFE}.Release|Any CPU.Build.0 = Release|Any CPU
	EndGlobalSection
	GlobalSection(SolutionProperties) = preSolution
		HideSolutionNode = FALSE
	EndGlobalSection
	GlobalSection(ExtensibilityGlobals) = postSolution
		SolutionGuid = {B6CF9AF2-9FD2-4400-8DCB-6841119E9CD6}
	EndGlobalSection
EndGlobal
