
Microsoft Visual Studio Solution File, Format Version 12.00
# Visual Studio Version 17
VisualStudioVersion = 17.14.36811.4 d17.14
MinimumVisualStudioVersion = 10.0.40219.1
Project("{FAE04EC0-301F-11D3-BF4B-00C04F79EFBC}") = "매개변수 활용해보기", "매개변수 활용해보기\매개변수 활용해보기.csproj", "{73E81B05-F206-42E1-8C2E-D623AA0B746D}"
EndProject
Global
	GlobalSection(SolutionConfigurationPlatforms) = preSolution
		Debug|Any CPU = Debug|Any CPU
		Release|Any CPU = Release|Any CPU
	EndGlobalSection
	GlobalSection(ProjectConfigurationPlatforms) = postSolution
		{73E81B05-F206-42E1-8C2E-D623AA0B746D}.Debug|Any CPU.ActiveCfg = Debug|Any CPU
		{73E81B05-F206-42E1-8C2E-D623AA0B746D}.Debug|Any CPU.Build.0 = Debug|Any CPU
		{73E81B05-F206-42E1-8C2E-D623AA0B746D}.Release|Any CPU.ActiveCfg = Release|Any CPU
		{73E81B05-F206-42E1-8C2E-D623AA0B746D}.Release|Any CPU.Build.0 = Release|Any CPU
	EndGlobalSection
	GlobalSection(SolutionProperties) = preSolution
		HideSolutionNode = FALSE
	EndGlobalSection
	GlobalSection(ExtensibilityGlobals) = postSolution
		SolutionGuid = {05935F5C-9110-442D-811C-C017829C61C2}
	EndGlobalSection
EndGlobal
