
Microsoft Visual Studio Solution File, Format Version 12.00
# Visual Studio Version 17
VisualStudioVersion = 17.14.36811.4 d17.14
MinimumVisualStudioVersion = 10.0.40219.1
Project("{FAE04EC0-301F-11D3-BF4B-00C04F79EFBC}") = "while문", "while문\while문.csproj", "{F48EBA2B-2E84-435B-BF52-507B599C3CE0}"
EndProject
Global
	GlobalSection(SolutionConfigurationPlatforms) = preSolution
		Debug|Any CPU = Debug|Any CPU
		Release|Any CPU = Release|Any CPU
	EndGlobalSection
	GlobalSection(ProjectConfigurationPlatforms) = postSolution
		{F48EBA2B-2E84-435B-BF52-507B599C3CE0}.Debug|Any CPU.ActiveCfg = Debug|Any CPU
		{F48EBA2B-2E84-435B-BF52-507B599C3CE0}.Debug|Any CPU.Build.0 = Debug|Any CPU
		{F48EBA2B-2E84-435B-BF52-507B599C3CE0}.Release|Any CPU.ActiveCfg = Release|Any CPU
		{F48EBA2B-2E84-435B-BF52-507B599C3CE0}.Release|Any CPU.Build.0 = Release|Any CPU
	EndGlobalSection
	GlobalSection(SolutionProperties) = preSolution
		HideSolutionNode = FALSE
	EndGlobalSection
	GlobalSection(ExtensibilityGlobals) = postSolution
		SolutionGuid = {3C8A1CEA-D7D0-46B8-AC84-44A68E73D939}
	EndGlobalSection
EndGlobal
