
Microsoft Visual Studio Solution File, Format Version 12.00
# Visual Studio Version 17
VisualStudioVersion = 17.14.36811.4 d17.14
MinimumVisualStudioVersion = 10.0.40219.1
Project("{FAE04EC0-301F-11D3-BF4B-00C04F79EFBC}") = "ConsoleApp1", "ConsoleApp1\ConsoleApp1.csproj", "{99C1F43D-4B34-4B53-B761-3A88B5B85AC1}"
EndProject
Global
	GlobalSection(SolutionConfigurationPlatforms) = preSolution
		Debug|Any CPU = Debug|Any CPU
		Release|Any CPU = Release|Any CPU
	EndGlobalSection
	GlobalSection(ProjectConfigurationPlatforms) = postSolution
		{99C1F43D-4B34-4B53-B761-3A88B5B85AC1}.Debug|Any CPU.ActiveCfg = Debug|Any CPU
		{99C1F43D-4B34-4B53-B761-3A88B5B85AC1}.Debug|Any CPU.Build.0 = Debug|Any CPU
		{99C1F43D-4B34-4B53-B761-3A88B5B85AC1}.Release|Any CPU.ActiveCfg = Release|Any CPU
		{99C1F43D-4B34-4B53-B761-3A88B5B85AC1}.Release|Any CPU.Build.0 = Release|Any CPU
	EndGlobalSection
	GlobalSection(SolutionProperties) = preSolution
		HideSolutionNode = FALSE
	EndGlobalSection
	GlobalSection(ExtensibilityGlobals) = postSolution
		SolutionGuid = {E71FEFFF-AE68-4A69-ABF5-741A52E8767E}
	EndGlobalSection
EndGlobal
